77771779107806680377812578339187600883758985591782920659239692684933561012115323159952086922888231872350624000302303042531184339503869038778388724284945317471244894949251494656820480466806443209451604485012668273027324747190631090318142198122213125611273092746791311001610574111121177512605132181356014362151281542116212171861864020180263012849728766291103051930910335763428730821353183593536370366463952239587397673983239897399624046740606407494212742638463464958049729570186620184665101187105362106229113781660613910149791610316935184301885819289201492092621593224022368224186247352625726872280322972832509333443361934337349893847139604422324323046627485925473213191322244214665512714597381274184750488043080993824168650186936883489276593420948079911410256110539211032012728112913719933209432288023163240962546126488276282789628744304393499821222257593463066637744177267975841994679556105161076211014112641303314830153491547016259165226414981010209133122355394210162107371084613322241702538525577857286829473984012543133611425314449151791534316836171971823419114195732112621224308003093931422320523230132596199027932926686310750125841281014335146611800020521233297053270976777948004581845889909122195130102321116311130093141687153977170046195892199231746711627275673017747177696891112997211012521018951100151211191213281357941385801422881490981623711965342005022354630218401971761588167994142420463286513735695201074814906150981644818992198812102622558227582443826380280282876329913307153557539784406404072943287444854573246172467364691178759023931698621009811591129413294752724612737336642034842518657127387831692411233815124169243247335824233180389149895052527758338170839787209096949611528153341602016848189532015620628243652566025784264224354964715243