77771779107806680377812578339187600883758985591782920659239692684933561012115323159952086922888231872350624000302303042531184339503869038778388724284945317471244894949251494656820480466806443209451604485012668273027324747190631090318142198122213125611273092746791311001610574111121177512605132181356014362151281542116212171861864020180263012849728766291103051930910335763428730821353183593536370366463952239587397673983239897399624046740606407494212742638463464958049729570186620184665101187105362106229113781660613910149791610316935184301885819289201492092621593224022368224186247352625726872280322972832509333443361934337349893847139604422324323046627485925473213191322244214665512714597381274184750488043080993824168650186936883489276593420948079911410256110539211032012728112913719933209432288023163240962546126488276282789628744304393499821222257593463066637744177267975841994679556105161076211014112641303314830153491547016259