7777177910780668037781257833918760088375898559178292065923969268493356101211532315995208692288823187235062400030230304253118433950386903877838872428494531747124489494925149465682048046680644320945160448501266827302732474719063109031814219812221312561127309274679131100161057411112117751260513218135601436215128154211621217186186402018026301284972876629110305193091033576342873082135318359353637036646395223958739767398323989739962404674060640749421274263846346495804972957018662018466510118710536210622911378166061391014979161031693518430188581928920149209262159322402236822418624735262572687228032297283250933344336193433734989384713960442232432304662748592547321319132224421466551271459738127418475048804308099382416865018693688348927659342094807991141025611053921103201272811291371993320943228802316324096254612648827628278962874430439349982122225759346306663774417726797584199467955610516107621101411264130331483015349154701625916522641498101020913312235539421016210737108461332224170253852557785728682947398401254313361142531444915179153431683617197182341911419573211262122430800309393142232052323013259619902793292668631075012584128101433514661180002052123329705327097677794800458184588990912219513010232111631113009314168715397717004619589219923174671162727567301774717769689111299721101252101895110015121119121328135794138580142288149098162371196534200502235463021840197